// !$*UTF8*$!
{
	archiveVersion = 1;
	classes = {
	};
	objectVersion = 46;
	objects = {

/* Begin PBXBuildFile section */
		FA4A23011B39A99C00BD2884 /* main.m in Sources */ = {isa = PBXBuildFile; fileRef = FA4A23001B39A99C00BD2884 /* main.m */; };
		FA4A23041B39A99C00BD2884 /* AppDelegate.m in Sources */ = {isa = PBXBuildFile; fileRef = FA4A23031B39A99C00BD2884 /* AppDelegate.m */; };
		FA4A23071B39A99C00BD2884 /* ViewController.m in Sources */ = {isa = PBXBuildFile; fileRef = FA4A23061B39A99C00BD2884 /* ViewController.m */; };
		FA4A230A1B39A99C00BD2884 /* Main.storyboard in Resources */ = {isa = PBXBuildFile; fileRef = FA4A23081B39A99C00BD2884 /* Main.storyboard */; };
		FA4A230C1B39A99C00BD2884 /* Images.xcassets in Resources */ = {isa = PBXBuildFile; fileRef = FA4A230B1B39A99C00BD2884 /* Images.xcassets */; };
		FA4A230F1B39A99C00BD2884 /* LaunchScreen.xib in Resources */ = {isa = PBXBuildFile; fileRef = FA4A230D1B39A99C00BD2884 /* LaunchScreen.xib */; };
		FA4A231B1B39A99C00BD2884 /* SomeTestProjectTests.m in Sources */ = {isa = PBXBuildFile; fileRef = FA4A231A1B39A99C00BD2884 /* SomeTestProjectTests.m */; };
/* End PBXBuildFile section */

/* Begin PBXContainerItemProxy section */
		FA4A23151B39A99C00BD2884 /* PBXContainerItemProxy */ = {
			isa = PBXContainerItemProxy;
			containerPortal = FA4A22F31B39A99C00BD2884 /* Project object */;
			proxyType = 1;
			remoteGlobalIDString = FA4A22FA1B39A99C00BD2884;
			remoteInfo = SomeTestProject;
		};
/* End PBXContainerItemProxy section */

/* Begin PBXFileReference section */
		FA4A22FB1B39A99C00BD2884 /* SomeTestProject.app */ = {isa = PBXFileReference; explicitFileType = wrapper.application; includeInIndex = 0; path = SomeTestProject.app; sourceTree = BUILT_PRODUCTS_DIR; };
		FA4A22FF1B39A99C00BD2884 /* Info.plist */ = {isa = PBXFileReference; lastKnownFileType = text.plist.xml; path = Info.plist; sourceTree = "<group>"; };
		FA4A23001B39A99C00BD2884 /* main.m */ = {isa = PBXFileReference; lastKnownFileType = sourcecode.c.objc; path = main.m; sourceTree = "<group>"; };
		FA4A23021B39A99C00BD2884 /* AppDelegate.h */ = {isa = PBXFileReference; lastKnownFileType = sourcecode.c.h; path = AppDelegate.h; sourceTree = "<group>"; };
		FA4A23031B39A99C00BD2884 /* AppDelegate.m */ = {isa = PBXFileReference; lastKnownFileType = sourcecode.c.objc; path = AppDelegate.m; sourceTree = "<group>"; };
		FA4A23051B39A99C00BD2884 /* ViewController.h */ = {isa = PBXFileReference; lastKnownFileType = sourcecode.c.h; path = ViewController.h; sourceTree = "<group>"; };
		FA4A23061B39A99C00BD2884 /* ViewController.m */ = {isa = PBXFileReference; lastKnownFileType = sourcecode.c.objc; path = ViewController.m; sourceTree = "<group>"; };
		FA4A23091B39A99C00BD2884 /* Base */ = {isa = PBXFileReference; lastKnownFileType = file.storyboard; name = Base; path = Base.lproj/Main.storyboard; sourceTree = "<group>"; };
		FA4A230B1B39A99C00BD2884 /* Images.xcassets */ = {isa = PBXFileReference; lastKnownFileType = folder.assetcatalog; path = Images.xcassets; sourceTree = "<group>"; };
		FA4A230E1B39A99C00BD2884 /* Base */ = {isa = PBXFileReference; lastKnownFileType = file.xib; name = Base; path = Base.lproj/LaunchScreen.xib; sourceTree = "<group>"; };
		FA4A23141B39A99C00BD2884 /* SomeTestProjectTests.xctest */ = {isa = PBXFileReference; explicitFileType = wrapper.cfbundle; includeInIndex = 0; path = SomeTestProjectTests.xctest; sourceTree = BUILT_PRODUCTS_DIR; };
		FA4A23191B39A99C00BD2884 /* Info.plist */ = {isa = PBXFileReference; lastKnownFileType = text.plist.xml; path = Info.plist; sourceTree = "<group>"; };
		FA4A231A1B39A99C00BD2884 /* SomeTestProjectTests.m */ = {isa = PBXFileReference; lastKnownFileType = sourcecode.c.objc; path = SomeTestProjectTests.m; sourceTree = "<group>"; };
/* End PBXFileReference section */

/* Begin PBXFrameworksBuildPhase section */
		FA4A22F81B39A99C00BD2884 /* Frameworks */ = {
			isa = PBXFrameworksBuildPhase;
			buildActionMask = 2147483647;
			files = (
			);
			runOnlyForDeploymentPostprocessing = 0;
		};
		FA4A23111B39A99C00BD2884 /* Frameworks */ = {
			isa = PBXFrameworksBuildPhase;
			buildActionMask = 2147483647;
			files = (
			);
			runOnlyForDeploymentPostprocessing = 0;
		};
/* End PBXFrameworksBuildPhase section */

/* Begin PBXGroup section */
		FA4A22F21B39A99C00BD2884 = {
			isa = PBXGroup;
			children = (
				FA4A22FD1B39A99C00BD2884 /* SomeTestProject */,
				FA4A23171B39A99C00BD2884 /* SomeTestProjectTests */,
				FA4A22FC1B39A99C00BD2884 /* Products */,
			);
			sourceTree = "<group>";
		};
		FA4A22FC1B39A99C00BD2884 /* Products */ = {
			isa = PBXGroup;
			children = (
				FA4A22FB1B39A99C00BD2884 /* SomeTestProject.app */,
				FA4A23141B39A99C00BD2884 /* SomeTestProjectTests.xctest */,
			);
			name = Products;
			sourceTree = "<group>";
		};
		FA4A22FD1B39A99C00BD2884 /* SomeTestProject */ = {
			isa = PBXGroup;
			children = (
				FA4A23021B39A99C00BD2884 /* AppDelegate.h */,
				FA4A23031B39A99C00BD2884 /* AppDelegate.m */,
				FA4A23051B39A99C00BD2884 /* ViewController.h */,
				FA4A23061B39A99C00BD2884 /* ViewController.m */,
				FA4A23081B39A99C00BD2884 /* Main.storyboard */,
				FA4A230B1B39A99C00BD2884 /* Images.xcassets */,
				FA4A230D1B39A99C00BD2884 /* LaunchScreen.xib */,
				FA4A22FE1B39A99C00BD2884 /* Supporting Files */,
			);
			path = SomeTestProject;
			sourceTree = "<group>";
		};
		FA4A22FE1B39A99C00BD2884 /* Supporting Files */ = {
			isa = PBXGroup;
			children = (
				FA4A22FF1B39A99C00BD2884 /* Info.plist */,
				FA4A23001B39A99C00BD2884 /* main.m */,
			);
			name = "Supporting Files";
			sourceTree = "<group>";
		};
		FA4A23171B39A99C00BD2884 /* SomeTestProjectTests */ = {
			isa = PBXGroup;
			children = (
				FA4A231A1B39A99C00BD2884 /* SomeTestProjectTests.m */,
				FA4A23181B39A99C00BD2884 /* Supporting Files */,
			);
			path = SomeTestProjectTests;
			sourceTree = "<group>";
		};
		FA4A23181B39A99C00BD2884 /* Supporting Files */ = {
			isa = PBXGroup;
			children = (
				FA4A23191B39A99C00BD2884 /* Info.plist */,
			);
			name = "Supporting Files";
			sourceTree = "<group>";
		};
/* End PBXGroup section */

/* Begin PBXNativeTarget section */
		FA4A22FA1B39A99C00BD2884 /* SomeTestProject */ = {
			isa = PBXNativeTarget;
			buildConfigurationList = FA4A231E1B39A99C00BD2884 /* Build configuration list for PBXNativeTarget "SomeTestProject" */;
			buildPhases = (
				FA4A22F71B39A99C00BD2884 /* Sources */,
				FA4A22F81B39A99C00BD2884 /* Frameworks */,
				FA4A22F91B39A99C00BD2884 /* Resources */,
			);
			buildRules = (
			);
			dependencies = (
			);
			name = SomeTestProject;
			productName = SomeTestProject;
			productReference = FA4A22FB1B39A99C00BD2884 /* SomeTestProject.app */;
			productType = "com.apple.product-type.application";
		};
		FA4A23131B39A99C00BD2884 /* SomeTestProjectTests */ = {
			isa = PBXNativeTarget;
			buildConfigurationList = FA4A23211B39A99C00BD2884 /* Build configuration list for PBXNativeTarget "SomeTestProjectTests" */;
			buildPhases = (
				FA4A23101B39A99C00BD2884 /* Sources */,
				FA4A23111B39A99C00BD2884 /* Frameworks */,
				FA4A23121B39A99C00BD2884 /* Resources */,
			);
			buildRules = (
			);
			dependencies = (
				FA4A23161B39A99C00BD2884 /* PBXTargetDependency */,
			);
			name = SomeTestProjectTests;
			productName = SomeTestProjectTests;
			productReference = FA4A23141B39A99C00BD2884 /* SomeTestProjectTests.xctest */;
			productType = "com.apple.product-type.bundle.unit-test";
		};
/* End PBXNativeTarget section */

/* Begin PBXProject section */
		FA4A22F31B39A99C00BD2884 /* Project object */ = {
			isa = PBXProject;
			attributes = {
				LastUpgradeCheck = 0630;
				ORGANIZATIONNAME = RusVe;
				TargetAttributes = {
					FA4A22FA1B39A99C00BD2884 = {
						CreatedOnToolsVersion = 6.3.2;
					};
					FA4A23131B39A99C00BD2884 = {
						CreatedOnToolsVersion = 6.3.2;
						TestTargetID = FA4A22FA1B39A99C00BD2884;
					};
				};
			};
			buildConfigurationList = FA4A22F61B39A99C00BD2884 /* Build configuration list for PBXProject "SomeTestProject" */;
			compatibilityVersion = "Xcode 3.2";
			developmentRegion = English;
			hasScannedForEncodings = 0;
			knownRegions = (
				en,
				Base,
			);
			mainGroup = FA4A22F21B39A99C00BD2884;
			productRefGroup = FA4A22FC1B39A99C00BD2884 /* Products */;
			projectDirPath = "";
			projectRoot = "";
			targets = (
				FA4A22FA1B39A99C00BD2884 /* SomeTestProject */,
				FA4A23131B39A99C00BD2884 /* SomeTestProjectTests */,
			);
		};
/* End PBXProject section */

/* Begin PBXResourcesBuildPhase section */
		FA4A22F91B39A99C00BD2884 /* Resources */ = {
			isa = PBXResourcesBuildPhase;
			buildActionMask = 2147483647;
			files = (
				FA4A230A1B39A99C00BD2884 /* Main.storyboard in Resources */,
				FA4A230F1B39A99C00BD2884 /* LaunchScreen.xib in Resources */,
				FA4A230C1B39A99C00BD2884 /* Images.xcassets in Resources */,
			);
			runOnlyForDeploymentPostprocessing = 0;
		};
		FA4A23121B39A99C00BD2884 /* Resources */ = {
			isa = PBXResourcesBuildPhase;
			buildActionMask = 2147483647;
			files = (
			);
			runOnlyForDeploymentPostprocessing = 0;
		};
/* End PBXResourcesBuildPhase section */

/* Begin PBXSourcesBuildPhase section */
		FA4A22F71B39A99C00BD2884 /* Sources */ = {
			isa = PBXSourcesBuildPhase;
			buildActionMask = 2147483647;
			files = (
				FA4A23071B39A99C00BD2884 /* ViewController.m in Sources */,
				FA4A23041B39A99C00BD2884 /* AppDelegate.m in Sources */,
				FA4A23011B39A99C00BD2884 /* main.m in Sources */,
			);
			runOnlyForDeploymentPostprocessing = 0;
		};
		FA4A23101B39A99C00BD2884 /* Sources */ = {
			isa = PBXSourcesBuildPhase;
			buildActionMask = 2147483647;
			files = (
				FA4A231B1B39A99C00BD2884 /* SomeTestProjectTests.m in Sources */,
			);
			runOnlyForDeploymentPostprocessing = 0;
		};
/* End PBXSourcesBuildPhase section */

/* Begin PBXTargetDependency section */
		FA4A23161B39A99C00BD2884 /* PBXTargetDependency */ = {
			isa = PBXTargetDependency;
			target = FA4A22FA1B39A99C00BD2884 /* SomeTestProject */;
			targetProxy = FA4A23151B39A99C00BD2884 /* PBXContainerItemProxy */;
		};
/* End PBXTargetDependency section */

/* Begin PBXVariantGroup section */
		FA4A23081B39A99C00BD2884 /* Main.storyboard */ = {
			isa = PBXVariantGroup;
			children = (
				FA4A23091B39A99C00BD2884 /* Base */,
			);
			name = Main.storyboard;
			sourceTree = "<group>";
		};
		FA4A230D1B39A99C00BD2884 /* LaunchScreen.xib */ = {
			isa = PBXVariantGroup;
			children = (
				FA4A230E1B39A99C00BD2884 /* Base */,
			);
			name = LaunchScreen.xib;
			sourceTree = "<group>";
		};
/* End PBXVariantGroup section */

/* Begin XCBuildConfiguration section */
		FA4A231C1B39A99C00BD2884 /* Debug */ = {
			isa = XCBuildConfiguration;
			buildSettings = {
				ALWAYS_SEARCH_USER_PATHS = NO;
				CLANG_CXX_LANGUAGE_STANDARD = "gnu++0x";
				CLANG_CXX_LIBRARY = "libc++";
				CLANG_ENABLE_MODULES = YES;
				CLANG_ENABLE_OBJC_ARC = YES;
				CLANG_WARN_BOOL_CONVERSION = YES;
				CLANG_WARN_CONSTANT_CONVERSION = YES;
				CLANG_WARN_DIRECT_OBJC_ISA_USAGE = YES_ERROR;
				CLANG_WARN_EMPTY_BODY = YES;
				CLANG_WARN_ENUM_CONVERSION = YES;
				CLANG_WARN_INT_CONVERSION = YES;
				CLANG_WARN_OBJC_ROOT_CLASS = YES_ERROR;
				CLANG_WARN_UNREACHABLE_CODE = YES;
				CLANG_WARN__DUPLICATE_METHOD_MATCH = YES;
				"CODE_SIGN_IDENTITY[sdk=iphoneos*]" = "iPhone Developer";
				COPY_PHASE_STRIP = NO;
				DEBUG_INFORMATION_FORMAT = "dwarf-with-dsym";
				ENABLE_STRICT_OBJC_MSGSEND = YES;
				GCC_C_LANGUAGE_STANDARD = gnu99;
				GCC_DYNAMIC_NO_PIC = NO;
				GCC_NO_COMMON_BLOCKS = YES;
				GCC_OPTIMIZATION_LEVEL = 0;
				GCC_PREPROCESSOR_DEFINITIONS = (
					"DEBUG=1",
					"$(inherited)",
				);
				GCC_SYMBOLS_PRIVATE_EXTERN = NO;
				GCC_WARN_64_TO_32_BIT_CONVERSION = YES;
				GCC_WARN_ABOUT_RETURN_TYPE = YES_ERROR;
				GCC_WARN_UNDECLARED_SELECTOR = YES;
				GCC_WARN_UNINITIALIZED_AUTOS = YES_AGGRESSIVE;
				GCC_WARN_UNUSED_FUNCTION = YES;
				GCC_WARN_UNUSED_VARIABLE = YES;
				IPHONEOS_DEPLOYMENT_TARGET = 8.3;
				MTL_ENABLE_DEBUG_INFO = YES;
				ONLY_ACTIVE_ARCH = YES;
				SDKROOT = iphoneos;
				TARGETED_DEVICE_FAMILY = "1,2";
			};
			name = Debug;
		};
		FA4A231D1B39A99C00BD2884 /* Release */ = {
			isa = XCBuildConfiguration;
			buildSettings = {
				ALWAYS_SEARCH_USER_PATHS = NO;
				CLANG_CXX_LANGUAGE_STANDARD = "gnu++0x";
				CLANG_CXX_LIBRARY = "libc++";
				CLANG_ENABLE_MODULES = YES;
				CLANG_ENABLE_OBJC_ARC = YES;
				CLANG_WARN_BOOL_CONVERSION = YES;
				CLANG_WARN_CONSTANT_CONVERSION = YES;
				CLANG_WARN_DIRECT_OBJC_ISA_USAGE = YES_ERROR;
				CLANG_WARN_EMPTY_BODY = YES;
				CLANG_WARN_ENUM_CONVERSION = YES;
				CLANG_WARN_INT_CONVERSION = YES;
				CLANG_WARN_OBJC_ROOT_CLASS = YES_ERROR;
				CLANG_WARN_UNREACHABLE_CODE = YES;
				CLANG_WARN__DUPLICATE_METHOD_MATCH = YES;
				"CODE_SIGN_IDENTITY[sdk=iphoneos*]" = "iPhone Developer";
				COPY_PHASE_STRIP = NO;
				DEBUG_INFORMATION_FORMAT = "dwarf-with-dsym";
				ENABLE_NS_ASSERTIONS = NO;
				ENABLE_STRICT_OBJC_MSGSEND = YES;
				GCC_C_LANGUAGE_STANDARD = gnu99;
				GCC_NO_COMMON_BLOCKS = YES;
				GCC_WARN_64_TO_32_BIT_CONVERSION = YES;
				GCC_WARN_ABOUT_RETURN_TYPE = YES_ERROR;
				GCC_WARN_UNDECLARED_SELECTOR = YES;
				GCC_WARN_UNINITIALIZED_AUTOS = YES_AGGRESSIVE;
				GCC_WARN_UNUSED_FUNCTION = YES;
				GCC_WARN_UNUSED_VARIABLE = YES;
				IPHONEOS_DEPLOYMENT_TARGET = 8.3;
				MTL_ENABLE_DEBUG_INFO = NO;
				SDKROOT = iphoneos;
				TARGETED_DEVICE_FAMILY = "1,2";
				VALIDATE_PRODUCT = YES;
			};
			name = Release;
		};
		FA4A231F1B39A99C00BD2884 /* Debug */ = {
			isa = XCBuildConfiguration;
			buildSettings = {
				ASSETCATALOG_COMPILER_APPICON_NAME = AppIcon;
				INFOPLIST_FILE = SomeTestProject/Info.plist;
				LD_RUNPATH_SEARCH_PATHS = "$(inherited) @executable_path/Frameworks";
				PRODUCT_NAME = "$(TARGET_NAME)";
			};
			name = Debug;
		};
		FA4A23201B39A99C00BD2884 /* Release */ = {
			isa = XCBuildConfiguration;
			buildSettings = {
				ASSETCATALOG_COMPILER_APPICON_NAME = AppIcon;
				INFOPLIST_FILE = SomeTestProject/Info.plist;
				LD_RUNPATH_SEARCH_PATHS = "$(inherited) @executable_path/Frameworks";
				PRODUCT_NAME = "$(TARGET_NAME)";
			};
			name = Release;
		};
		FA4A23221B39A99C00BD2884 /* Debug */ = {
			isa = XCBuildConfiguration;
			buildSettings = {
				BUNDLE_LOADER = "$(TEST_HOST)";
				FRAMEWORK_SEARCH_PATHS = (
					"$(SDKROOT)/Developer/Library/Frameworks",
					"$(inherited)",
				);
				GCC_PREPROCESSOR_DEFINITIONS = (
					"DEBUG=1",
					"$(inherited)",
				);
				INFOPLIST_FILE = SomeTestProjectTests/Info.plist;
				LD_RUNPATH_SEARCH_PATHS = "$(inherited) @executable_path/Frameworks @loader_path/Frameworks";
				PRODUCT_NAME = "$(TARGET_NAME)";
				TEST_HOST = "$(BUILT_PRODUCTS_DIR)/SomeTestProject.app/SomeTestProject";
			};
			name = Debug;
		};
		FA4A23231B39A99C00BD2884 /* Release */ = {
			isa = XCBuildConfiguration;
			buildSettings = {
				BUNDLE_LOADER = "$(TEST_HOST)";
				FRAMEWORK_SEARCH_PATHS = (
					"$(SDKROOT)/Developer/Library/Frameworks",
					"$(inherited)",
				);
				INFOPLIST_FILE = SomeTestProjectTests/Info.plist;
				LD_RUNPATH_SEARCH_PATHS = "$(inherited) @executable_path/Frameworks @loader_path/Frameworks";
				PRODUCT_NAME = "$(TARGET_NAME)";
				TEST_HOST = "$(BUILT_PRODUCTS_DIR)/SomeTestProject.app/SomeTestProject";
			};
			name = Release;
		};
/* End XCBuildConfiguration section */

/* Begin XCConfigurationList section */
		FA4A22F61B39A99C00BD2884 /* Build configuration list for PBXProject "SomeTestProject" */ = {
			isa = XCConfigurationList;
			buildConfigurations = (
				FA4A231C1B39A99C00BD2884 /* Debug */,
				FA4A231D1B39A99C00BD2884 /* Release */,
			);
			defaultConfigurationIsVisible = 0;
			defaultConfigurationName = Release;
		};
		FA4A231E1B39A99C00BD2884 /* Build configuration list for PBXNativeTarget "SomeTestProject" */ = {
			isa = XCConfigurationList;
			buildConfigurations = (
				FA4A231F1B39A99C00BD2884 /* Debug */,
				FA4A23201B39A99C00BD2884 /* Release */,
			);
			defaultConfigurationIsVisible = 0;
		};
		FA4A23211B39A99C00BD2884 /* Build configuration list for PBXNativeTarget "SomeTestProjectTests" */ = {
			isa = XCConfigurationList;
			buildConfigurations = (
				FA4A23221B39A99C00BD2884 /* Debug */,
				FA4A23231B39A99C00BD2884 /* Release */,
			);
			defaultConfigurationIsVisible = 0;
		};
/* End XCConfigurationList section */
	};
	rootObject = FA4A22F31B39A99C00BD2884 /* Project object */;
}
